Microsoft Visual Studio Solution File, Format Version 12.00
# Visual Studio Version 17
VisualStudioVersion = 17.5.2.0
MinimumVisualStudioVersion = 10.0.40219.1
Project("{FAE04EC0-301F-11D3-BF4B-00C04F79EFBC}") = "Marketeer", "Marketeer.csproj", "{FB453BEE-E181-4916-4D24-B1F2D9B45054}"
EndProject
Global
	GlobalSection(SolutionConfigurationPlatforms) = preSolution
		Debug|Any CPU = Debug|Any CPU
		Release|Any CPU = Release|Any CPU
	EndGlobalSection
	GlobalSection(ProjectConfigurationPlatforms) = postSolution
		{FB453BEE-E181-4916-4D24-B1F2D9B45054}.Debug|Any CPU.ActiveCfg = Debug|Any CPU
		{FB453BEE-E181-4916-4D24-B1F2D9B45054}.Debug|Any CPU.Build.0 = Debug|Any CPU
		{FB453BEE-E181-4916-4D24-B1F2D9B45054}.Release|Any CPU.ActiveCfg = Release|Any CPU
		{FB453BEE-E181-4916-4D24-B1F2D9B45054}.Release|Any CPU.Build.0 = Release|Any CPU
	EndGlobalSection
	GlobalSection(SolutionProperties) = preSolution
		HideSolutionNode = FALSE
	EndGlobalSection
	GlobalSection(ExtensibilityGlobals) = postSolution
		SolutionGuid = {2167C725-62F1-4274-9683-1C68ADA0CFDC}
	EndGlobalSection
EndGlobal
